
Microsoft Visual Studio Solution File, Format Version 12.00
# Visual Studio 2013
VisualStudioVersion = 12.0.40629.0
MinimumVisualStudioVersion = 10.0.40219.1
Project("{FAE04EC0-301F-11D3-BF4B-00C04F79EFBC}") = "wizard_b3", "wizard_b3\wizard_b3.csproj", "{36C599B4-9060-4D06-B4BE-3514CDCEF7B6}"
	ProjectSection(ProjectDependencies) = postProject
		{237AE86E-B83D-45C6-B6CC-FC0C2709086C} = {237AE86E-B83D-45C6-B6CC-FC0C2709086C}
	EndProjectSection
EndProject
Project("{FAE04EC0-301F-11D3-BF4B-00C04F79EFBC}") = "InsWebApp", "InsWebApp\InsWebApp.csproj", "{DCE979F0-DFE5-41AB-8F8B-A2C783EAB42F}"
EndProject
Project("{FAE04EC0-301F-11D3-BF4B-00C04F79EFBC}") = "Nationwide_Base", "Nationwide_Base\Nationwide_Base.csproj", "{237AE86E-B83D-45C6-B6CC-FC0C2709086C}"
EndProject
Global
	GlobalSection(SolutionConfigurationPlatforms) = preSolution
		Debug AES|Any CPU = Debug AES|Any CPU
		Debug|Any CPU = Debug|Any CPU
		Release AES|Any CPU = Release AES|Any CPU
		Release|Any CPU = Release|Any CPU
	EndGlobalSection
	GlobalSection(ProjectConfigurationPlatforms) = postSolution
		{36C599B4-9060-4D06-B4BE-3514CDCEF7B6}.Debug AES|Any CPU.ActiveCfg = Debug|Any CPU
		{36C599B4-9060-4D06-B4BE-3514CDCEF7B6}.Debug AES|Any CPU.Build.0 = Debug|Any CPU
		{36C599B4-9060-4D06-B4BE-3514CDCEF7B6}.Debug|Any CPU.ActiveCfg = Debug|Any CPU
		{36C599B4-9060-4D06-B4BE-3514CDCEF7B6}.Debug|Any CPU.Build.0 = Debug|Any CPU
		{36C599B4-9060-4D06-B4BE-3514CDCEF7B6}.Release AES|Any CPU.ActiveCfg = Release|Any CPU
		{36C599B4-9060-4D06-B4BE-3514CDCEF7B6}.Release AES|Any CPU.Build.0 = Release|Any CPU
		{36C599B4-9060-4D06-B4BE-3514CDCEF7B6}.Release|Any CPU.ActiveCfg = Release|Any CPU
		{36C599B4-9060-4D06-B4BE-3514CDCEF7B6}.Release|Any CPU.Build.0 = Release|Any CPU
		{DCE979F0-DFE5-41AB-8F8B-A2C783EAB42F}.Debug AES|Any CPU.ActiveCfg = Debug|Any CPU
		{DCE979F0-DFE5-41AB-8F8B-A2C783EAB42F}.Debug AES|Any CPU.Build.0 = Debug|Any CPU
		{DCE979F0-DFE5-41AB-8F8B-A2C783EAB42F}.Debug|Any CPU.ActiveCfg = Debug|Any CPU
		{DCE979F0-DFE5-41AB-8F8B-A2C783EAB42F}.Debug|Any CPU.Build.0 = Debug|Any CPU
		{DCE979F0-DFE5-41AB-8F8B-A2C783EAB42F}.Release AES|Any CPU.ActiveCfg = Release|Any CPU
		{DCE979F0-DFE5-41AB-8F8B-A2C783EAB42F}.Release AES|Any CPU.Build.0 = Release|Any CPU
		{DCE979F0-DFE5-41AB-8F8B-A2C783EAB42F}.Release|Any CPU.ActiveCfg = Release|Any CPU
		{DCE979F0-DFE5-41AB-8F8B-A2C783EAB42F}.Release|Any CPU.Build.0 = Release|Any CPU
		{237AE86E-B83D-45C6-B6CC-FC0C2709086C}.Debug AES|Any CPU.ActiveCfg = Debug|Any CPU
		{237AE86E-B83D-45C6-B6CC-FC0C2709086C}.Debug AES|Any CPU.Build.0 = Debug|Any CPU
		{237AE86E-B83D-45C6-B6CC-FC0C2709086C}.Debug|Any CPU.ActiveCfg = Debug|Any CPU
		{237AE86E-B83D-45C6-B6CC-FC0C2709086C}.Debug|Any CPU.Build.0 = Debug|Any CPU
		{237AE86E-B83D-45C6-B6CC-FC0C2709086C}.Release AES|Any CPU.ActiveCfg = Release|Any CPU
		{237AE86E-B83D-45C6-B6CC-FC0C2709086C}.Release AES|Any CPU.Build.0 = Release|Any CPU
		{237AE86E-B83D-45C6-B6CC-FC0C2709086C}.Release|Any CPU.ActiveCfg = Release|Any CPU
		{237AE86E-B83D-45C6-B6CC-FC0C2709086C}.Release|Any CPU.Build.0 = Release|Any CPU
	EndGlobalSection
	GlobalSection(SolutionProperties) = preSolution
		HideSolutionNode = FALSE
	EndGlobalSection
EndGlobal
